
Microsoft Visual Studio Solution File, Format Version 12.00
# Visual Studio 15
VisualStudioVersion = 15.0.27703.2047
MinimumVisualStudioVersion = 10.0.40219.1
Project("{8BC9CEB8-8B4A-11D0-8D11-00A0C91BC942}") = "Soul Eater v1.2", "Soul Eater v1.2\Soul Eater v1.2.vcxproj", "{A9AA381F-8C27-4666-B162-ED735CC022AA}"
EndProject
Global
	GlobalSection(SolutionConfigurationPlatforms) = preSolution
		Debug|x64 = Debug|x64
		Debug|x86 = Debug|x86
		Release|x64 = Release|x64
		Release|x86 = Release|x86
	EndGlobalSection
	GlobalSection(ProjectConfigurationPlatforms) = postSolution
		{A9AA381F-8C27-4666-B162-ED735CC022AA}.Debug|x64.ActiveCfg = Debug|x64
		{A9AA381F-8C27-4666-B162-ED735CC022AA}.Debug|x64.Build.0 = Debug|x64
		{A9AA381F-8C27-4666-B162-ED735CC022AA}.Debug|x86.ActiveCfg = Debug|Win32
		{A9AA381F-8C27-4666-B162-ED735CC022AA}.Debug|x86.Build.0 = Debug|Win32
		{A9AA381F-8C27-4666-B162-ED735CC022AA}.Release|x64.ActiveCfg = Release|x64
		{A9AA381F-8C27-4666-B162-ED735CC022AA}.Release|x64.Build.0 = Release|x64
		{A9AA381F-8C27-4666-B162-ED735CC022AA}.Release|x86.ActiveCfg = Release|Win32
		{A9AA381F-8C27-4666-B162-ED735CC022AA}.Release|x86.Build.0 = Release|Win32
	EndGlobalSection
	GlobalSection(SolutionProperties) = preSolution
		HideSolutionNode = FALSE
	EndGlobalSection
	GlobalSection(ExtensibilityGlobals) = postSolution
		SolutionGuid = {3BCDFA8C-FDB0-4249-A0CB-1285442EC346}
	EndGlobalSection
EndGlobal
